
Microsoft Visual Studio Solution File, Format Version 12.00
# Visual Studio Version 16
VisualStudioVersion = 16.0.31025.194
MinimumVisualStudioVersion = 10.0.40219.1
Project("{FAE04EC0-301F-11D3-BF4B-00C04F79EFBC}") = "MyDictionaryOdev5", "MyDictionaryOdev5\MyDictionaryOdev5.csproj", "{3755F3A7-0DA5-4ED4-A4C1-00E799FE2954}"
EndProject
Global
	GlobalSection(SolutionConfigurationPlatforms) = preSolution
		Debug|Any CPU = Debug|Any CPU
		Release|Any CPU = Release|Any CPU
	EndGlobalSection
	GlobalSection(ProjectConfigurationPlatforms) = postSolution
		{3755F3A7-0DA5-4ED4-A4C1-00E799FE2954}.Debug|Any CPU.ActiveCfg = Debug|Any CPU
		{3755F3A7-0DA5-4ED4-A4C1-00E799FE2954}.Debug|Any CPU.Build.0 = Debug|Any CPU
		{3755F3A7-0DA5-4ED4-A4C1-00E799FE2954}.Release|Any CPU.ActiveCfg = Release|Any CPU
		{3755F3A7-0DA5-4ED4-A4C1-00E799FE2954}.Release|Any CPU.Build.0 = Release|Any CPU
	EndGlobalSection
	GlobalSection(SolutionProperties) = preSolution
		HideSolutionNode = FALSE
	EndGlobalSection
	GlobalSection(ExtensibilityGlobals) = postSolution
		SolutionGuid = {71A92A10-4271-4848-9554-1614BC793919}
	EndGlobalSection
EndGlobal
